
Microsoft Visual Studio Solution File, Format Version 12.00
# Visual Studio Version 17
VisualStudioVersion = 17.4.33205.214
MinimumVisualStudioVersion = 10.0.40219.1
Project("{FAE04EC0-301F-11D3-BF4B-00C04F79EFBC}") = "WebShoppingMVC", "WebShoppingMVC\WebShoppingMVC.csproj", "{AC34B9E8-DD77-4334-86D3-532811F370A3}"
EndProject
Project("{FAE04EC0-301F-11D3-BF4B-00C04F79EFBC}") = "WebShoppingMVC.Data", "WebShoppingMVC.Data\WebShoppingMVC.Data.csproj", "{74A10586-1B41-45D1-83D6-6EE88E050F3A}"
EndProject
Project("{FAE04EC0-301F-11D3-BF4B-00C04F79EFBC}") = "WebShoppingMVC.Domain", "WebShoppingMVC.Domain\WebShoppingMVC.Domain.csproj", "{0EDB809D-9625-4C3C-AE51-A0A5E44D5C47}"
EndProject
Global
	GlobalSection(SolutionConfigurationPlatforms) = preSolution
		Debug|Any CPU = Debug|Any CPU
		Release|Any CPU = Release|Any CPU
	EndGlobalSection
	GlobalSection(ProjectConfigurationPlatforms) = postSolution
		{AC34B9E8-DD77-4334-86D3-532811F370A3}.Debug|Any CPU.ActiveCfg = Debug|Any CPU
		{AC34B9E8-DD77-4334-86D3-532811F370A3}.Debug|Any CPU.Build.0 = Debug|Any CPU
		{AC34B9E8-DD77-4334-86D3-532811F370A3}.Release|Any CPU.ActiveCfg = Release|Any CPU
		{AC34B9E8-DD77-4334-86D3-532811F370A3}.Release|Any CPU.Build.0 = Release|Any CPU
		{74A10586-1B41-45D1-83D6-6EE88E050F3A}.Debug|Any CPU.ActiveCfg = Debug|Any CPU
		{74A10586-1B41-45D1-83D6-6EE88E050F3A}.Debug|Any CPU.Build.0 = Debug|Any CPU
		{74A10586-1B41-45D1-83D6-6EE88E050F3A}.Release|Any CPU.ActiveCfg = Release|Any CPU
		{74A10586-1B41-45D1-83D6-6EE88E050F3A}.Release|Any CPU.Build.0 = Release|Any CPU
		{0EDB809D-9625-4C3C-AE51-A0A5E44D5C47}.Debug|Any CPU.ActiveCfg = Debug|Any CPU
		{0EDB809D-9625-4C3C-AE51-A0A5E44D5C47}.Debug|Any CPU.Build.0 = Debug|Any CPU
		{0EDB809D-9625-4C3C-AE51-A0A5E44D5C47}.Release|Any CPU.ActiveCfg = Release|Any CPU
		{0EDB809D-9625-4C3C-AE51-A0A5E44D5C47}.Release|Any CPU.Build.0 = Release|Any CPU
	EndGlobalSection
	GlobalSection(SolutionProperties) = preSolution
		HideSolutionNode = FALSE
	EndGlobalSection
	GlobalSection(ExtensibilityGlobals) = postSolution
		SolutionGuid = {1C9BEB62-77C9-423D-83C6-24E41B66F04D}
	EndGlobalSection
EndGlobal
